
Microsoft Visual Studio Solution File, Format Version 12.00
# Visual Studio 15
VisualStudioVersion = 15.0.27703.2026
MinimumVisualStudioVersion = 10.0.40219.1
Project("{FAE04EC0-301F-11D3-BF4B-00C04F79EFBC}") = "GeneticTunesCore", "GeneticTunesCore.csproj", "{2772FCB8-FCDD-4E7A-B17D-F4154C568FB7}"
EndProject
Project("{FAE04EC0-301F-11D3-BF4B-00C04F79EFBC}") = "GeneticTunesCoreInterfaces", "GeneticTunesCoreInterfaces\GeneticTunesCoreInterfaces.csproj", "{813469CE-6CD6-4689-BDC1-A7CA893CE190}"
EndProject
Project("{FAE04EC0-301F-11D3-BF4B-00C04F79EFBC}") = "GeneticTunesCoreTests", "GeneticTunesCoreTests\GeneticTunesCoreTests.csproj", "{906D3EA1-C19B-4DD9-A6E6-383E8D498951}"
EndProject
Global
	GlobalSection(SolutionConfigurationPlatforms) = preSolution
		Debug|Any CPU = Debug|Any CPU
		Release|Any CPU = Release|Any CPU
	EndGlobalSection
	GlobalSection(ProjectConfigurationPlatforms) = postSolution
		{2772FCB8-FCDD-4E7A-B17D-F4154C568FB7}.Debug|Any CPU.ActiveCfg = Debug|Any CPU
		{2772FCB8-FCDD-4E7A-B17D-F4154C568FB7}.Debug|Any CPU.Build.0 = Debug|Any CPU
		{2772FCB8-FCDD-4E7A-B17D-F4154C568FB7}.Release|Any CPU.ActiveCfg = Release|Any CPU
		{2772FCB8-FCDD-4E7A-B17D-F4154C568FB7}.Release|Any CPU.Build.0 = Release|Any CPU
		{813469CE-6CD6-4689-BDC1-A7CA893CE190}.Debug|Any CPU.ActiveCfg = Debug|Any CPU
		{813469CE-6CD6-4689-BDC1-A7CA893CE190}.Debug|Any CPU.Build.0 = Debug|Any CPU
		{813469CE-6CD6-4689-BDC1-A7CA893CE190}.Release|Any CPU.ActiveCfg = Release|Any CPU
		{813469CE-6CD6-4689-BDC1-A7CA893CE190}.Release|Any CPU.Build.0 = Release|Any CPU
		{906D3EA1-C19B-4DD9-A6E6-383E8D498951}.Debug|Any CPU.ActiveCfg = Debug|Any CPU
		{906D3EA1-C19B-4DD9-A6E6-383E8D498951}.Debug|Any CPU.Build.0 = Debug|Any CPU
		{906D3EA1-C19B-4DD9-A6E6-383E8D498951}.Release|Any CPU.ActiveCfg = Release|Any CPU
		{906D3EA1-C19B-4DD9-A6E6-383E8D498951}.Release|Any CPU.Build.0 = Release|Any CPU
	EndGlobalSection
	GlobalSection(SolutionProperties) = preSolution
		HideSolutionNode = FALSE
	EndGlobalSection
	GlobalSection(ExtensibilityGlobals) = postSolution
		SolutionGuid = {4FD729BB-2084-4544-A9C7-0CE680A72297}
	EndGlobalSection
EndGlobal
